
Microsoft Visual Studio Solution File, Format Version 12.00
# Visual Studio Version 17
VisualStudioVersion = 17.8.34309.116
MinimumVisualStudioVersion = 10.0.40219.1
Project("{2150E333-8FDC-42A3-9474-1A3956D46DE8}") = "FrontEnd", "FrontEnd", "{DB49B607-282A-4C71-8C8B-AAC3DF7A5130}"
EndProject
Project("{2150E333-8FDC-42A3-9474-1A3956D46DE8}") = "Geteway", "Geteway", "{AE975672-DEDF-4C30-99D1-C2A294FD3521}"
EndProject
Project("{2150E333-8FDC-42A3-9474-1A3956D46DE8}") = "Integration", "Integration", "{E22224A0-73F7-40F9-B94C-A22F2BAF4EE5}"
EndProject
Project("{2150E333-8FDC-42A3-9474-1A3956D46DE8}") = "Services", "Services", "{A950CD12-AC15-4BDC-BC3F-5CCE31F3A7F9}"
EndProject
Project("{9A19103F-16F7-4668-BE54-9A1E7A4F7556}") = "Mango.Services.CouponApi", "Mango.Services.CouponApi\Mango.Services.CouponApi.csproj", "{1386DAFB-6003-44C4-A26B-D363DF1EC46A}"
EndProject
Project("{FAE04EC0-301F-11D3-BF4B-00C04F79EFBC}") = "Mango.Web", "Mango.Web\Mango.Web.csproj", "{90EAAB03-B70D-41AA-BED7-36849B9D8C14}"
EndProject
Global
	GlobalSection(SolutionConfigurationPlatforms) = preSolution
		Debug|Any CPU = Debug|Any CPU
		Release|Any CPU = Release|Any CPU
	EndGlobalSection
	GlobalSection(ProjectConfigurationPlatforms) = postSolution
		{1386DAFB-6003-44C4-A26B-D363DF1EC46A}.Debug|Any CPU.ActiveCfg = Debug|Any CPU
		{1386DAFB-6003-44C4-A26B-D363DF1EC46A}.Debug|Any CPU.Build.0 = Debug|Any CPU
		{1386DAFB-6003-44C4-A26B-D363DF1EC46A}.Release|Any CPU.ActiveCfg = Release|Any CPU
		{1386DAFB-6003-44C4-A26B-D363DF1EC46A}.Release|Any CPU.Build.0 = Release|Any CPU
		{90EAAB03-B70D-41AA-BED7-36849B9D8C14}.Debug|Any CPU.ActiveCfg = Debug|Any CPU
		{90EAAB03-B70D-41AA-BED7-36849B9D8C14}.Debug|Any CPU.Build.0 = Debug|Any CPU
		{90EAAB03-B70D-41AA-BED7-36849B9D8C14}.Release|Any CPU.ActiveCfg = Release|Any CPU
		{90EAAB03-B70D-41AA-BED7-36849B9D8C14}.Release|Any CPU.Build.0 = Release|Any CPU
	EndGlobalSection
	GlobalSection(SolutionProperties) = preSolution
		HideSolutionNode = FALSE
	EndGlobalSection
	GlobalSection(NestedProjects) = preSolution
		{1386DAFB-6003-44C4-A26B-D363DF1EC46A} = {A950CD12-AC15-4BDC-BC3F-5CCE31F3A7F9}
		{90EAAB03-B70D-41AA-BED7-36849B9D8C14} = {DB49B607-282A-4C71-8C8B-AAC3DF7A5130}
	EndGlobalSection
	GlobalSection(ExtensibilityGlobals) = postSolution
		SolutionGuid = {8D3A0284-9446-4F1F-9EE6-365CA09BA8F4}
	EndGlobalSection
EndGlobal
